// !$*UTF8*$!
{
	archiveVersion = 1;
	classes = {
	};
	objectVersion = 46;
	objects = {

/* Begin PBXBuildFile section */
		62D68B6F1F19598B00D8C97D /* AppDelegate.swift in Sources */ = {isa = PBXBuildFile; fileRef = 62D68B6E1F19598B00D8C97D /* AppDelegate.swift */; };
		62D68B711F19598B00D8C97D /* ViewController.swift in Sources */ = {isa = PBXBuildFile; fileRef = 62D68B701F19598B00D8C97D /* ViewController.swift */; };
		62D68B741F19598B00D8C97D /* Main.storyboard in Resources */ = {isa = PBXBuildFile; fileRef = 62D68B721F19598B00D8C97D /* Main.storyboard */; };
		62D68B761F19598B00D8C97D /* Assets.xcassets in Resources */ = {isa = PBXBuildFile; fileRef = 62D68B751F19598B00D8C97D /* Assets.xcassets */; };
		62D68B791F19598B00D8C97D /* LaunchScreen.storyboard in Resources */ = {isa = PBXBuildFile; fileRef = 62D68B771F19598B00D8C97D /* LaunchScreen.storyboard */; };
/* End PBXBuildFile section */

/* Begin PBXFileReference section */
		62D68B6B1F19598B00D8C97D /* saveTheWorld.app */ = {isa = PBXFileReference; explicitFileType = wrapper.application; includeInIndex = 0; path = saveTheWorld.app; sourceTree = BUILT_PRODUCTS_DIR; };
		62D68B6E1F19598B00D8C97D /* AppDelegate.swift */ = {isa = PBXFileReference; lastKnownFileType = sourcecode.swift; path = AppDelegate.swift; sourceTree = "<group>"; };
		62D68B701F19598B00D8C97D /* ViewController.swift */ = {isa = PBXFileReference; lastKnownFileType = sourcecode.swift; path = ViewController.swift; sourceTree = "<group>"; };
		62D68B731F19598B00D8C97D /* Base */ = {isa = PBXFileReference; lastKnownFileType = file.storyboard; name = Base; path = Base.lproj/Main.storyboard; sourceTree = "<group>"; };
		62D68B751F19598B00D8C97D /* Assets.xcassets */ = {isa = PBXFileReference; lastKnownFileType = folder.assetcatalog; path = Assets.xcassets; sourceTree = "<group>"; };
		62D68B781F19598B00D8C97D /* Base */ = {isa = PBXFileReference; lastKnownFileType = file.storyboard; name = Base; path = Base.lproj/LaunchScreen.storyboard; sourceTree = "<group>"; };
		62D68B7A1F19598B00D8C97D /* Info.plist */ = {isa = PBXFileReference; lastKnownFileType = text.plist.xml; path = Info.plist; sourceTree = "<group>"; };
/* End PBXFileReference section */

/* Begin PBXFrameworksBuildPhase section */
		62D68B681F19598B00D8C97D /* Frameworks */ = {
			isa = PBXFrameworksBuildPhase;
			buildActionMask = 2147483647;
			files = (
			);
			runOnlyForDeploymentPostprocessing = 0;
		};
/* End PBXFrameworksBuildPhase section */

/* Begin PBXGroup section */
		62D68B621F19598B00D8C97D = {
			isa = PBXGroup;
			children = (
				62D68B6D1F19598B00D8C97D /* saveTheWorld */,
				62D68B6C1F19598B00D8C97D /* Products */,
			);
			sourceTree = "<group>";
		};
		62D68B6C1F19598B00D8C97D /* Products */ = {
			isa = PBXGroup;
			children = (
				62D68B6B1F19598B00D8C97D /* saveTheWorld.app */,
			);
			name = Products;
			sourceTree = "<group>";
		};
		62D68B6D1F19598B00D8C97D /* saveTheWorld */ = {
			isa = PBXGroup;
			children = (
				62D68B6E1F19598B00D8C97D /* AppDelegate.swift */,
				62D68B701F19598B00D8C97D /* ViewController.swift */,
				62D68B721F19598B00D8C97D /* Main.storyboard */,
				62D68B751F19598B00D8C97D /* Assets.xcassets */,
				62D68B771F19598B00D8C97D /* LaunchScreen.storyboard */,
				62D68B7A1F19598B00D8C97D /* Info.plist */,
			);
			path = saveTheWorld;
			sourceTree = "<group>";
		};
/* End PBXGroup section */

/* Begin PBXNativeTarget section */
		62D68B6A1F19598B00D8C97D /* saveTheWorld */ = {
			isa = PBXNativeTarget;
			buildConfigurationList = 62D68B7D1F19598B00D8C97D /* Build configuration list for PBXNativeTarget "saveTheWorld" */;
			buildPhases = (
				62D68B671F19598B00D8C97D /* Sources */,
				62D68B681F19598B00D8C97D /* Frameworks */,
				62D68B691F19598B00D8C97D /* Resources */,
			);
			buildRules = (
			);
			dependencies = (
			);
			name = saveTheWorld;
			productName = saveTheWorld;
			productReference = 62D68B6B1F19598B00D8C97D /* saveTheWorld.app */;
			productType = "com.apple.product-type.application";
		};
/* End PBXNativeTarget section */

/* Begin PBXProject section */
		62D68B631F19598B00D8C97D /* Project object */ = {
			isa = PBXProject;
			attributes = {
				LastSwiftUpdateCheck = 0830;
				LastUpgradeCheck = 0830;
				ORGANIZATIONNAME = "Fabian Bleeksma";
				TargetAttributes = {
					62D68B6A1F19598B00D8C97D = {
						CreatedOnToolsVersion = 8.3.3;
						DevelopmentTeam = 44NF73D9GQ;
						ProvisioningStyle = Automatic;
					};
				};
			};
			buildConfigurationList = 62D68B661F19598B00D8C97D /* Build configuration list for PBXProject "saveTheWorld" */;
			compatibilityVersion = "Xcode 3.2";
			developmentRegion = English;
			hasScannedForEncodings = 0;
			knownRegions = (
				en,
				Base,
			);
			mainGroup = 62D68B621F19598B00D8C97D;
			productRefGroup = 62D68B6C1F19598B00D8C97D /* Products */;
			projectDirPath = "";
			projectRoot = "";
			targets = (
				62D68B6A1F19598B00D8C97D /* saveTheWorld */,
			);
		};
/* End PBXProject section */

/* Begin PBXResourcesBuildPhase section */
		62D68B691F19598B00D8C97D /* Resources */ = {
			isa = PBXResourcesBuildPhase;
			buildActionMask = 2147483647;
			files = (
				62D68B791F19598B00D8C97D /* LaunchScreen.storyboard in Resources */,
				62D68B761F19598B00D8C97D /* Assets.xcassets in Resources */,
				62D68B741F19598B00D8C97D /* Main.storyboard in Resources */,
			);
			runOnlyForDeploymentPostprocessing = 0;
		};
/* End PBXResourcesBuildPhase section */

/* Begin PBXSourcesBuildPhase section */
		62D68B671F19598B00D8C97D /* Sources */ = {
			isa = PBXSourcesBuildPhase;
			buildActionMask = 2147483647;
			files = (
				62D68B711F19598B00D8C97D /* ViewController.swift in Sources */,
				62D68B6F1F19598B00D8C97D /* AppDelegate.swift in Sources */,
			);
			runOnlyForDeploymentPostprocessing = 0;
		};
/* End PBXSourcesBuildPhase section */

/* Begin PBXVariantGroup section */
		62D68B721F19598B00D8C97D /* Main.storyboard */ = {
			isa = PBXVariantGroup;
			children = (
				62D68B731F19598B00D8C97D /* Base */,
			);
			name = Main.storyboard;
			sourceTree = "<group>";
		};
		62D68B771F19598B00D8C97D /* LaunchScreen.storyboard */ = {
			isa = PBXVariantGroup;
			children = (
				62D68B781F19598B00D8C97D /* Base */,
			);
			name = LaunchScreen.storyboard;
			sourceTree = "<group>";
		};
/* End PBXVariantGroup section */

/* Begin XCBuildConfiguration section */
		62D68B7B1F19598B00D8C97D /* Debug */ = {
			isa = XCBuildConfiguration;
			buildSettings = {
				ALWAYS_SEARCH_USER_PATHS = NO;
				CLANG_ANALYZER_NONNULL = YES;
				CLANG_ANALYZER_NUMBER_OBJECT_CONVERSION = YES_AGGRESSIVE;
				CLANG_CXX_LANGUAGE_STANDARD = "gnu++0x";
				CLANG_CXX_LIBRARY = "libc++";
				CLANG_ENABLE_MODULES = YES;
				CLANG_ENABLE_OBJC_ARC = YES;
				CLANG_WARN_BOOL_CONVERSION = YES;
				CLANG_WARN_CONSTANT_CONVERSION = YES;
				CLANG_WARN_DIRECT_OBJC_ISA_USAGE = YES_ERROR;
				CLANG_WARN_DOCUMENTATION_COMMENTS = YES;
				CLANG_WARN_EMPTY_BODY = YES;
				CLANG_WARN_ENUM_CONVERSION = YES;
				CLANG_WARN_INFINITE_RECURSION = YES;
				CLANG_WARN_INT_CONVERSION = YES;
				CLANG_WARN_OBJC_ROOT_CLASS = YES_ERROR;
				CLANG_WARN_SUSPICIOUS_MOVE = YES;
				CLANG_WARN_UNREACHABLE_CODE = YES;
				CLANG_WARN__DUPLICATE_METHOD_MATCH = YES;
				"CODE_SIGN_IDENTITY[sdk=iphoneos*]" = "iPhone Developer";
				COPY_PHASE_STRIP = NO;
				DEBUG_INFORMATION_FORMAT = dwarf;
				ENABLE_STRICT_OBJC_MSGSEND = YES;
				ENABLE_TESTABILITY = YES;
				GCC_C_LANGUAGE_STANDARD = gnu99;
				GCC_DYNAMIC_NO_PIC = NO;
				GCC_NO_COMMON_BLOCKS = YES;
				GCC_OPTIMIZATION_LEVEL = 0;
				GCC_PREPROCESSOR_DEFINITIONS = (
					"DEBUG=1",
					"$(inherited)",
				);
				GCC_WARN_64_TO_32_BIT_CONVERSION = YES;
				GCC_WARN_ABOUT_RETURN_TYPE = YES_ERROR;
				GCC_WARN_UNDECLARED_SELECTOR = YES;
				GCC_WARN_UNINITIALIZED_AUTOS = YES_AGGRESSIVE;
				GCC_WARN_UNUSED_FUNCTION = YES;
				GCC_WARN_UNUSED_VARIABLE = YES;
				IPHONEOS_DEPLOYMENT_TARGET = 10.3;
				MTL_ENABLE_DEBUG_INFO = YES;
				ONLY_ACTIVE_ARCH = YES;
				SDKROOT = iphoneos;
				SWIFT_ACTIVE_COMPILATION_CONDITIONS = DEBUG;
				SWIFT_OPTIMIZATION_LEVEL = "-Onone";
				TARGETED_DEVICE_FAMILY = "1,2";
			};
			name = Debug;
		};
		62D68B7C1F19598B00D8C97D /* Release */ = {
			isa = XCBuildConfiguration;
			buildSettings = {
				ALWAYS_SEARCH_USER_PATHS = NO;
				CLANG_ANALYZER_NONNULL = YES;
				CLANG_ANALYZER_NUMBER_OBJECT_CONVERSION = YES_AGGRESSIVE;
				CLANG_CXX_LANGUAGE_STANDARD = "gnu++0x";
				CLANG_CXX_LIBRARY = "libc++";
				CLANG_ENABLE_MODULES = YES;
				CLANG_ENABLE_OBJC_ARC = YES;
				CLANG_WARN_BOOL_CONVERSION = YES;
				CLANG_WARN_CONSTANT_CONVERSION = YES;
				CLANG_WARN_DIRECT_OBJC_ISA_USAGE = YES_ERROR;
				CLANG_WARN_DOCUMENTATION_COMMENTS = YES;
				CLANG_WARN_EMPTY_BODY = YES;
				CLANG_WARN_ENUM_CONVERSION = YES;
				CLANG_WARN_INFINITE_RECURSION = YES;
				CLANG_WARN_INT_CONVERSION = YES;
				CLANG_WARN_OBJC_ROOT_CLASS = YES_ERROR;
				CLANG_WARN_SUSPICIOUS_MOVE = YES;
				CLANG_WARN_UNREACHABLE_CODE = YES;
				CLANG_WARN__DUPLICATE_METHOD_MATCH = YES;
				"CODE_SIGN_IDENTITY[sdk=iphoneos*]" = "iPhone Developer";
				COPY_PHASE_STRIP = NO;
				DEBUG_INFORMATION_FORMAT = "dwarf-with-dsym";
				ENABLE_NS_ASSERTIONS = NO;
				ENABLE_STRICT_OBJC_MSGSEND = YES;
				GCC_C_LANGUAGE_STANDARD = gnu99;
				GCC_NO_COMMON_BLOCKS = YES;
				GCC_WARN_64_TO_32_BIT_CONVERSION = YES;
				GCC_WARN_ABOUT_RETURN_TYPE = YES_ERROR;
				GCC_WARN_UNDECLARED_SELECTOR = YES;
				GCC_WARN_UNINITIALIZED_AUTOS = YES_AGGRESSIVE;
				GCC_WARN_UNUSED_FUNCTION = YES;
				GCC_WARN_UNUSED_VARIABLE = YES;
				IPHONEOS_DEPLOYMENT_TARGET = 10.3;
				MTL_ENABLE_DEBUG_INFO = NO;
				SDKROOT = iphoneos;
				SWIFT_OPTIMIZATION_LEVEL = "-Owholemodule";
				TARGETED_DEVICE_FAMILY = "1,2";
				VALIDATE_PRODUCT = YES;
			};
			name = Release;
		};
		62D68B7E1F19598B00D8C97D /* Debug */ = {
			isa = XCBuildConfiguration;
			buildSettings = {
				ASSETCATALOG_COMPILER_APPICON_NAME = AppIcon;
				DEVELOPMENT_TEAM = 44NF73D9GQ;
				INFOPLIST_FILE = saveTheWorld/Info.plist;
				LD_RUNPATH_SEARCH_PATHS = "$(inherited) @executable_path/Frameworks";
				PRODUCT_BUNDLE_IDENTIFIER = com.fabianbleeksma.saveTheWorld;
				PRODUCT_NAME = "$(TARGET_NAME)";
				SWIFT_VERSION = 3.0;
			};
			name = Debug;
		};
		62D68B7F1F19598B00D8C97D /* Release */ = {
			isa = XCBuildConfiguration;
			buildSettings = {
				ASSETCATALOG_COMPILER_APPICON_NAME = AppIcon;
				DEVELOPMENT_TEAM = 44NF73D9GQ;
				INFOPLIST_FILE = saveTheWorld/Info.plist;
				LD_RUNPATH_SEARCH_PATHS = "$(inherited) @executable_path/Frameworks";
				PRODUCT_BUNDLE_IDENTIFIER = com.fabianbleeksma.saveTheWorld;
				PRODUCT_NAME = "$(TARGET_NAME)";
				SWIFT_VERSION = 3.0;
			};
			name = Release;
		};
/* End XCBuildConfiguration section */

/* Begin XCConfigurationList section */
		62D68B661F19598B00D8C97D /* Build configuration list for PBXProject "saveTheWorld" */ = {
			isa = XCConfigurationList;
			buildConfigurations = (
				62D68B7B1F19598B00D8C97D /* Debug */,
				62D68B7C1F19598B00D8C97D /* Release */,
			);
			defaultConfigurationIsVisible = 0;
			defaultConfigurationName = Release;
		};
		62D68B7D1F19598B00D8C97D /* Build configuration list for PBXNativeTarget "saveTheWorld" */ = {
			isa = XCConfigurationList;
			buildConfigurations = (
				62D68B7E1F19598B00D8C97D /* Debug */,
				62D68B7F1F19598B00D8C97D /* Release */,
			);
			defaultConfigurationIsVisible = 0;
		};
/* End XCConfigurationList section */
	};
	rootObject = 62D68B631F19598B00D8C97D /* Project object */;
}
